
Microsoft Visual Studio Solution File, Format Version 12.00
# Visual Studio Version 17
VisualStudioVersion = 17.5.002.0
MinimumVisualStudioVersion = 10.0.40219.1
Project("{9A19103F-16F7-4668-BE54-9A1E7A4F7556}") = "pdfparser", "pdfparser.csproj", "{C2C70CC5-47C6-4969-B742-9CEFD349FDED}"
EndProject
Global
	GlobalSection(SolutionConfigurationPlatforms) = preSolution
		Debug|Any CPU = Debug|Any CPU
		Release|Any CPU = Release|Any CPU
	EndGlobalSection
	GlobalSection(ProjectConfigurationPlatforms) = postSolution
		{C2C70CC5-47C6-4969-B742-9CEFD349FDED}.Debug|Any CPU.ActiveCfg = Debug|Any CPU
		{C2C70CC5-47C6-4969-B742-9CEFD349FDED}.Debug|Any CPU.Build.0 = Debug|Any CPU
		{C2C70CC5-47C6-4969-B742-9CEFD349FDED}.Release|Any CPU.ActiveCfg = Release|Any CPU
		{C2C70CC5-47C6-4969-B742-9CEFD349FDED}.Release|Any CPU.Build.0 = Release|Any CPU
	EndGlobalSection
	GlobalSection(SolutionProperties) = preSolution
		HideSolutionNode = FALSE
	EndGlobalSection
	GlobalSection(ExtensibilityGlobals) = postSolution
		SolutionGuid = {331E8534-2088-4682-ADCA-DA1DBF728F38}
	EndGlobalSection
EndGlobal
